Microsoft Visual Studio Solution File, Format Version 12.00
# Visual Studio Version 17
VisualStudioVersion = 17.5.2.0
MinimumVisualStudioVersion = 10.0.40219.1
Project("{2150E333-8FDC-42A3-9474-1A3956D46DE8}") = "Lab1.2", "Lab1.2", "{021DD479-6A1A-877D-8263-857CB95EEB99}"
EndProject
Project("{FAE04EC0-301F-11D3-BF4B-00C04F79EFBC}") = "SquareApp", "Lab1.2\SquareApp\SquareApp.csproj", "{48B85604-29D3-6438-125B-078D59C25299}"
EndProject
Global
	GlobalSection(SolutionConfigurationPlatforms) = preSolution
		Debug|Any CPU = Debug|Any CPU
		Release|Any CPU = Release|Any CPU
	EndGlobalSection
	GlobalSection(ProjectConfigurationPlatforms) = postSolution
		{48B85604-29D3-6438-125B-078D59C25299}.Debug|Any CPU.ActiveCfg = Debug|Any CPU
		{48B85604-29D3-6438-125B-078D59C25299}.Debug|Any CPU.Build.0 = Debug|Any CPU
		{48B85604-29D3-6438-125B-078D59C25299}.Release|Any CPU.ActiveCfg = Release|Any CPU
		{48B85604-29D3-6438-125B-078D59C25299}.Release|Any CPU.Build.0 = Release|Any CPU
	EndGlobalSection
	GlobalSection(SolutionProperties) = preSolution
		HideSolutionNode = FALSE
	EndGlobalSection
	GlobalSection(NestedProjects) = preSolution
		{48B85604-29D3-6438-125B-078D59C25299} = {021DD479-6A1A-877D-8263-857CB95EEB99}
	EndGlobalSection
	GlobalSection(ExtensibilityGlobals) = postSolution
		SolutionGuid = {607ACCBB-511B-4531-82F4-680667ECD9AB}
	EndGlobalSection
EndGlobal
