
Microsoft Visual Studio Solution File, Format Version 12.00
# Visual Studio Version 17
VisualStudioVersion = 17.0.31903.59
MinimumVisualStudioVersion = 10.0.40219.1
Project("{2150E333-8FDC-42A3-9474-1A3956D46DE8}") = "Lab2.2", "Lab2.2", "{CAF5217E-BF80-35FE-18DD-9E77155584EF}"
EndProject
Project("{2150E333-8FDC-42A3-9474-1A3956D46DE8}") = "C#", "C#", "{651BAD8F-6070-CE4B-5213-A022E9AFDFE5}"
EndProject
Project("{FAE04EC0-301F-11D3-BF4B-00C04F79EFBC}") = "StringApp", "Lab2.2\C#\StringApp\StringApp.csproj", "{3DD398CA-8EC6-4C60-B2B2-71AD5AF4F414}"
EndProject
Global
	GlobalSection(SolutionConfigurationPlatforms) = preSolution
		Debug|Any CPU = Debug|Any CPU
		Debug|x64 = Debug|x64
		Debug|x86 = Debug|x86
		Release|Any CPU = Release|Any CPU
		Release|x64 = Release|x64
		Release|x86 = Release|x86
	EndGlobalSection
	GlobalSection(ProjectConfigurationPlatforms) = postSolution
		{3DD398CA-8EC6-4C60-B2B2-71AD5AF4F414}.Debug|Any CPU.ActiveCfg = Debug|Any CPU
		{3DD398CA-8EC6-4C60-B2B2-71AD5AF4F414}.Debug|Any CPU.Build.0 = Debug|Any CPU
		{3DD398CA-8EC6-4C60-B2B2-71AD5AF4F414}.Debug|x64.ActiveCfg = Debug|Any CPU
		{3DD398CA-8EC6-4C60-B2B2-71AD5AF4F414}.Debug|x64.Build.0 = Debug|Any CPU
		{3DD398CA-8EC6-4C60-B2B2-71AD5AF4F414}.Debug|x86.ActiveCfg = Debug|Any CPU
		{3DD398CA-8EC6-4C60-B2B2-71AD5AF4F414}.Debug|x86.Build.0 = Debug|Any CPU
		{3DD398CA-8EC6-4C60-B2B2-71AD5AF4F414}.Release|Any CPU.ActiveCfg = Release|Any CPU
		{3DD398CA-8EC6-4C60-B2B2-71AD5AF4F414}.Release|Any CPU.Build.0 = Release|Any CPU
		{3DD398CA-8EC6-4C60-B2B2-71AD5AF4F414}.Release|x64.ActiveCfg = Release|Any CPU
		{3DD398CA-8EC6-4C60-B2B2-71AD5AF4F414}.Release|x64.Build.0 = Release|Any CPU
		{3DD398CA-8EC6-4C60-B2B2-71AD5AF4F414}.Release|x86.ActiveCfg = Release|Any CPU
		{3DD398CA-8EC6-4C60-B2B2-71AD5AF4F414}.Release|x86.Build.0 = Release|Any CPU
	EndGlobalSection
	GlobalSection(SolutionProperties) = preSolution
		HideSolutionNode = FALSE
	EndGlobalSection
	GlobalSection(NestedProjects) = preSolution
		{651BAD8F-6070-CE4B-5213-A022E9AFDFE5} = {CAF5217E-BF80-35FE-18DD-9E77155584EF}
		{3DD398CA-8EC6-4C60-B2B2-71AD5AF4F414} = {651BAD8F-6070-CE4B-5213-A022E9AFDFE5}
	EndGlobalSection
EndGlobal
