
Microsoft Visual Studio Solution File, Format Version 12.00
# Visual Studio Version 17
VisualStudioVersion = 17.0.31903.59
MinimumVisualStudioVersion = 10.0.40219.1
Project("{2150E333-8FDC-42A3-9474-1A3956D46DE8}") = "Lab2.2", "Lab2.2", "{CAF5217E-BF80-35FE-18DD-9E77155584EF}"
EndProject
Project("{2150E333-8FDC-42A3-9474-1A3956D46DE8}") = "C#", "C#", "{651BAD8F-6070-CE4B-5213-A022E9AFDFE5}"
EndProject
Project("{FAE04EC0-301F-11D3-BF4B-00C04F79EFBC}") = "StringApp", "Lab2.2\C#\StringApp\StringApp.csproj", "{3DD398CA-8EC6-4C60-B2B2-71AD5AF4F414}"
EndProject
Project("{2150E333-8FDC-42A3-9474-1A3956D46DE8}") = "Lab2.3", "Lab2.3", "{6A26A8AC-FF74-12E3-73DF-131B9A50989A}"
EndProject
Project("{2150E333-8FDC-42A3-9474-1A3956D46DE8}") = "C#", "C#", "{41E54F8C-AB64-2A95-1408-AE841A629526}"
EndProject
Project("{FAE04EC0-301F-11D3-BF4B-00C04F79EFBC}") = "C#Console_App", "Lab2.3\C#\C#Console_App\C#Console_App.csproj", "{B4C0C18F-6DB2-4030-8DED-7FEF063A1B9A}"
EndProject
Project("{FAE04EC0-301F-11D3-BF4B-00C04F79EFBC}") = "ClassLibrary2.3", "Lab2.3\C#\ClassLibrary2.3\ClassLibrary2.3.csproj", "{B9360204-C14B-45DA-B55B-2411D69B1886}"
EndProject
Project("{FAE04EC0-301F-11D3-BF4B-00C04F79EFBC}") = "TextLibrary", "Lab2.3\C#\TextLibrary\TextLibrary.csproj", "{6B6CB720-F62B-46BE-81B8-C47C76CD6CA2}"
EndProject
Global
	GlobalSection(SolutionConfigurationPlatforms) = preSolution
		Debug|Any CPU = Debug|Any CPU
		Debug|x64 = Debug|x64
		Debug|x86 = Debug|x86
		Release|Any CPU = Release|Any CPU
		Release|x64 = Release|x64
		Release|x86 = Release|x86
	EndGlobalSection
	GlobalSection(ProjectConfigurationPlatforms) = postSolution
		{3DD398CA-8EC6-4C60-B2B2-71AD5AF4F414}.Debug|Any CPU.ActiveCfg = Debug|Any CPU
		{3DD398CA-8EC6-4C60-B2B2-71AD5AF4F414}.Debug|Any CPU.Build.0 = Debug|Any CPU
		{3DD398CA-8EC6-4C60-B2B2-71AD5AF4F414}.Debug|x64.ActiveCfg = Debug|Any CPU
		{3DD398CA-8EC6-4C60-B2B2-71AD5AF4F414}.Debug|x64.Build.0 = Debug|Any CPU
		{3DD398CA-8EC6-4C60-B2B2-71AD5AF4F414}.Debug|x86.ActiveCfg = Debug|Any CPU
		{3DD398CA-8EC6-4C60-B2B2-71AD5AF4F414}.Debug|x86.Build.0 = Debug|Any CPU
		{3DD398CA-8EC6-4C60-B2B2-71AD5AF4F414}.Release|Any CPU.ActiveCfg = Release|Any CPU
		{3DD398CA-8EC6-4C60-B2B2-71AD5AF4F414}.Release|Any CPU.Build.0 = Release|Any CPU
		{3DD398CA-8EC6-4C60-B2B2-71AD5AF4F414}.Release|x64.ActiveCfg = Release|Any CPU
		{3DD398CA-8EC6-4C60-B2B2-71AD5AF4F414}.Release|x64.Build.0 = Release|Any CPU
		{3DD398CA-8EC6-4C60-B2B2-71AD5AF4F414}.Release|x86.ActiveCfg = Release|Any CPU
		{3DD398CA-8EC6-4C60-B2B2-71AD5AF4F414}.Release|x86.Build.0 = Release|Any CPU
		{B4C0C18F-6DB2-4030-8DED-7FEF063A1B9A}.Debug|Any CPU.ActiveCfg = Debug|Any CPU
		{B4C0C18F-6DB2-4030-8DED-7FEF063A1B9A}.Debug|Any CPU.Build.0 = Debug|Any CPU
		{B4C0C18F-6DB2-4030-8DED-7FEF063A1B9A}.Debug|x64.ActiveCfg = Debug|Any CPU
		{B4C0C18F-6DB2-4030-8DED-7FEF063A1B9A}.Debug|x64.Build.0 = Debug|Any CPU
		{B4C0C18F-6DB2-4030-8DED-7FEF063A1B9A}.Debug|x86.ActiveCfg = Debug|Any CPU
		{B4C0C18F-6DB2-4030-8DED-7FEF063A1B9A}.Debug|x86.Build.0 = Debug|Any CPU
		{B4C0C18F-6DB2-4030-8DED-7FEF063A1B9A}.Release|Any CPU.ActiveCfg = Release|Any CPU
		{B4C0C18F-6DB2-4030-8DED-7FEF063A1B9A}.Release|Any CPU.Build.0 = Release|Any CPU
		{B4C0C18F-6DB2-4030-8DED-7FEF063A1B9A}.Release|x64.ActiveCfg = Release|Any CPU
		{B4C0C18F-6DB2-4030-8DED-7FEF063A1B9A}.Release|x64.Build.0 = Release|Any CPU
		{B4C0C18F-6DB2-4030-8DED-7FEF063A1B9A}.Release|x86.ActiveCfg = Release|Any CPU
		{B4C0C18F-6DB2-4030-8DED-7FEF063A1B9A}.Release|x86.Build.0 = Release|Any CPU
		{B9360204-C14B-45DA-B55B-2411D69B1886}.Debug|Any CPU.ActiveCfg = Debug|Any CPU
		{B9360204-C14B-45DA-B55B-2411D69B1886}.Debug|Any CPU.Build.0 = Debug|Any CPU
		{B9360204-C14B-45DA-B55B-2411D69B1886}.Debug|x64.ActiveCfg = Debug|Any CPU
		{B9360204-C14B-45DA-B55B-2411D69B1886}.Debug|x64.Build.0 = Debug|Any CPU
		{B9360204-C14B-45DA-B55B-2411D69B1886}.Debug|x86.ActiveCfg = Debug|Any CPU
		{B9360204-C14B-45DA-B55B-2411D69B1886}.Debug|x86.Build.0 = Debug|Any CPU
		{B9360204-C14B-45DA-B55B-2411D69B1886}.Release|Any CPU.ActiveCfg = Release|Any CPU
		{B9360204-C14B-45DA-B55B-2411D69B1886}.Release|Any CPU.Build.0 = Release|Any CPU
		{B9360204-C14B-45DA-B55B-2411D69B1886}.Release|x64.ActiveCfg = Release|Any CPU
		{B9360204-C14B-45DA-B55B-2411D69B1886}.Release|x64.Build.0 = Release|Any CPU
		{B9360204-C14B-45DA-B55B-2411D69B1886}.Release|x86.ActiveCfg = Release|Any CPU
		{B9360204-C14B-45DA-B55B-2411D69B1886}.Release|x86.Build.0 = Release|Any CPU
		{6B6CB720-F62B-46BE-81B8-C47C76CD6CA2}.Debug|Any CPU.ActiveCfg = Debug|Any CPU
		{6B6CB720-F62B-46BE-81B8-C47C76CD6CA2}.Debug|Any CPU.Build.0 = Debug|Any CPU
		{6B6CB720-F62B-46BE-81B8-C47C76CD6CA2}.Debug|x64.ActiveCfg = Debug|Any CPU
		{6B6CB720-F62B-46BE-81B8-C47C76CD6CA2}.Debug|x64.Build.0 = Debug|Any CPU
		{6B6CB720-F62B-46BE-81B8-C47C76CD6CA2}.Debug|x86.ActiveCfg = Debug|Any CPU
		{6B6CB720-F62B-46BE-81B8-C47C76CD6CA2}.Debug|x86.Build.0 = Debug|Any CPU
		{6B6CB720-F62B-46BE-81B8-C47C76CD6CA2}.Release|Any CPU.ActiveCfg = Release|Any CPU
		{6B6CB720-F62B-46BE-81B8-C47C76CD6CA2}.Release|Any CPU.Build.0 = Release|Any CPU
		{6B6CB720-F62B-46BE-81B8-C47C76CD6CA2}.Release|x64.ActiveCfg = Release|Any CPU
		{6B6CB720-F62B-46BE-81B8-C47C76CD6CA2}.Release|x64.Build.0 = Release|Any CPU
		{6B6CB720-F62B-46BE-81B8-C47C76CD6CA2}.Release|x86.ActiveCfg = Release|Any CPU
		{6B6CB720-F62B-46BE-81B8-C47C76CD6CA2}.Release|x86.Build.0 = Release|Any CPU
	EndGlobalSection
	GlobalSection(SolutionProperties) = preSolution
		HideSolutionNode = FALSE
	EndGlobalSection
	GlobalSection(NestedProjects) = preSolution
		{651BAD8F-6070-CE4B-5213-A022E9AFDFE5} = {CAF5217E-BF80-35FE-18DD-9E77155584EF}
		{3DD398CA-8EC6-4C60-B2B2-71AD5AF4F414} = {651BAD8F-6070-CE4B-5213-A022E9AFDFE5}
		{41E54F8C-AB64-2A95-1408-AE841A629526} = {6A26A8AC-FF74-12E3-73DF-131B9A50989A}
		{B4C0C18F-6DB2-4030-8DED-7FEF063A1B9A} = {41E54F8C-AB64-2A95-1408-AE841A629526}
		{B9360204-C14B-45DA-B55B-2411D69B1886} = {41E54F8C-AB64-2A95-1408-AE841A629526}
		{6B6CB720-F62B-46BE-81B8-C47C76CD6CA2} = {41E54F8C-AB64-2A95-1408-AE841A629526}
	EndGlobalSection
EndGlobal
